
Microsoft Visual Studio Solution File, Format Version 12.00
# Visual Studio Version 17
VisualStudioVersion = 17.7.34031.279
MinimumVisualStudioVersion = 10.0.40219.1
Project("{E24C65DC-7377-472B-9ABA-BC803B73C61A}") = "WebSite1(1)", ".", "{ACF6F995-82E6-4F52-AE15-14654A34EAEA}"
	ProjectSection(WebsiteProperties) = preProject
		TargetFrameworkMoniker = ".NETFramework,Version%3Dv4.7.2"
		Debug.AspNetCompiler.VirtualPath = "/localhost_50049"
		Debug.AspNetCompiler.PhysicalPath = "..\WebSite1\"
		Debug.AspNetCompiler.TargetPath = "PrecompiledWeb\localhost_50049\"
		Debug.AspNetCompiler.Updateable = "true"
		Debug.AspNetCompiler.ForceOverwrite = "true"
		Debug.AspNetCompiler.FixedNames = "false"
		Debug.AspNetCompiler.Debug = "True"
		Release.AspNetCompiler.VirtualPath = "/localhost_50049"
		Release.AspNetCompiler.PhysicalPath = "..\WebSite1\"
		Release.AspNetCompiler.TargetPath = "PrecompiledWeb\localhost_50049\"
		Release.AspNetCompiler.Updateable = "true"
		Release.AspNetCompiler.ForceOverwrite = "true"
		Release.AspNetCompiler.FixedNames = "false"
		Release.AspNetCompiler.Debug = "False"
		VWDPort = "50049"
		SlnRelativePath = "..\WebSite1\"
		DefaultWebSiteLanguage = "Visual C#"
	EndProjectSection
EndProject
Global
	GlobalSection(SolutionConfigurationPlatforms) = preSolution
		Debug|Any CPU = Debug|Any CPU
	EndGlobalSection
	GlobalSection(ProjectConfigurationPlatforms) = postSolution
		{ACF6F995-82E6-4F52-AE15-14654A34EAEA}.Debug|Any CPU.ActiveCfg = Debug|Any CPU
		{ACF6F995-82E6-4F52-AE15-14654A34EAEA}.Debug|Any CPU.Build.0 = Debug|Any CPU
	EndGlobalSection
	GlobalSection(SolutionProperties) = preSolution
		HideSolutionNode = FALSE
	EndGlobalSection
	GlobalSection(ExtensibilityGlobals) = postSolution
		SolutionGuid = {99506ED6-0280-4C6F-802B-C02123DA5C36}
	EndGlobalSection
EndGlobal
